
Microsoft Visual Studio Solution File, Format Version 12.00
# Visual Studio Version 16
VisualStudioVersion = 16.0.31613.86
MinimumVisualStudioVersion = 10.0.40219.1
Project("{FAE04EC0-301F-11D3-BF4B-00C04F79EFBC}") = "MyFirstWebApi", "MyFirstWebApi\MyFirstWebApi.csproj", "{76485B89-2ADC-4656-8BCC-F28021C2B215}"
EndProject
Global
	GlobalSection(SolutionConfigurationPlatforms) = preSolution
		Debug|Any CPU = Debug|Any CPU
		Release|Any CPU = Release|Any CPU
	EndGlobalSection
	GlobalSection(ProjectConfigurationPlatforms) = postSolution
		{76485B89-2ADC-4656-8BCC-F28021C2B215}.Debug|Any CPU.ActiveCfg = Debug|Any CPU
		{76485B89-2ADC-4656-8BCC-F28021C2B215}.Debug|Any CPU.Build.0 = Debug|Any CPU
		{76485B89-2ADC-4656-8BCC-F28021C2B215}.Release|Any CPU.ActiveCfg = Release|Any CPU
		{76485B89-2ADC-4656-8BCC-F28021C2B215}.Release|Any CPU.Build.0 = Release|Any CPU
	EndGlobalSection
	GlobalSection(SolutionProperties) = preSolution
		HideSolutionNode = FALSE
	EndGlobalSection
	GlobalSection(ExtensibilityGlobals) = postSolution
		SolutionGuid = {BE0A9D57-0199-445A-A16F-E56AD6DEE04E}
	EndGlobalSection
EndGlobal
